
Microsoft Visual Studio Solution File, Format Version 12.00
# Visual Studio Version 17
VisualStudioVersion = 17.0.32112.339
MinimumVisualStudioVersion = 10.0.40219.1
Project("{FAE04EC0-301F-11D3-BF4B-00C04F79EFBC}") = "PaintBallPrototype", "PaintBallPrototype\PaintBallPrototype.csproj", "{FA1837D4-6C22-448D-BED7-89D48DAF69F4}"
EndProject
Global
	GlobalSection(SolutionConfigurationPlatforms) = preSolution
		Debug|Any CPU = Debug|Any CPU
		Release|Any CPU = Release|Any CPU
	EndGlobalSection
	GlobalSection(ProjectConfigurationPlatforms) = postSolution
		{FA1837D4-6C22-448D-BED7-89D48DAF69F4}.Debug|Any CPU.ActiveCfg = Debug|Any CPU
		{FA1837D4-6C22-448D-BED7-89D48DAF69F4}.Debug|Any CPU.Build.0 = Debug|Any CPU
		{FA1837D4-6C22-448D-BED7-89D48DAF69F4}.Release|Any CPU.ActiveCfg = Release|Any CPU
		{FA1837D4-6C22-448D-BED7-89D48DAF69F4}.Release|Any CPU.Build.0 = Release|Any CPU
	EndGlobalSection
	GlobalSection(SolutionProperties) = preSolution
		HideSolutionNode = FALSE
	EndGlobalSection
	GlobalSection(ExtensibilityGlobals) = postSolution
		SolutionGuid = {FF748521-176B-4180-893C-E81166E39BD5}
	EndGlobalSection
EndGlobal
